// !$*UTF8*$!
{
	archiveVersion = 1;
	classes = {
	};
	objectVersion = 56;
	objects = {

/* Begin PBXBuildFile section */
		3D2C53E1A387837041EF26EC /* BriefingView.swift in Sources */ = {isa = PBXBuildFile; fileRef = C2D124978CC1E2FE8390ED69 /* BriefingView.swift */; };
		FE1BAFE972ABBA8DA88C7050 /* GameConfig.swift in Sources */ = {isa = PBXBuildFile; fileRef = 2FB04A10B703DB58A907307F /* GameConfig.swift */; };
		9F9701A1DF153C843482B478 /* PreviewData.swift in Sources */ = {isa = PBXBuildFile; fileRef = 93BB666E338512D9C03B0F86 /* PreviewData.swift */; };
		BD5064D54E9907252264E20E /* Specimen.swift in Sources */ = {isa = PBXBuildFile; fileRef = 56F5DEB591464F9ADCEFFC5C /* Specimen.swift */; };
		E2E0DC372A6805D849FE23FB /* SpecimenLoader.swift in Sources */ = {isa = PBXBuildFile; fileRef = AE3D8D716D3D36DF43D39747 /* SpecimenLoader.swift */; };
		FD0B9A951ABCA11CAFD91CE3 /* GameFlowView.swift in Sources */ = {isa = PBXBuildFile; fileRef = B7A5CFACCB9CEADEFD93E04C /* GameFlowView.swift */; };
		04462D4252409341589B6C18 /* ComboBadgeView.swift in Sources */ = {isa = PBXBuildFile; fileRef = 662BF82921DCDA90A688A4F4 /* ComboBadgeView.swift */; };
		27C710B20E617038B87C88DB /* CountUpNumber.swift in Sources */ = {isa = PBXBuildFile; fileRef = 1DF0CB0818402C9B5FBD4F97 /* CountUpNumber.swift */; };
		5D0830D2373B0E0E17B4B8C4 /* FlyingScorePopupView.swift in Sources */ = {isa = PBXBuildFile; fileRef = C3CBA31BB207F642C2767B73 /* FlyingScorePopupView.swift */; };
		2B853802F1AE1A7517DB284C /* ParticleBurstView.swift in Sources */ = {isa = PBXBuildFile; fileRef = 7D1735681DFCE9F213777BFD /* ParticleBurstView.swift */; };
		46DF70662F337A9D08BF11F1 /* ShakeEffect.swift in Sources */ = {isa = PBXBuildFile; fileRef = 5DE4F81784AB8368B2F01558 /* ShakeEffect.swift */; };
		19729390D487FC417F252AB1 /* StampView.swift in Sources */ = {isa = PBXBuildFile; fileRef = 525C629614B7FEB8807A70EC /* StampView.swift */; };
		4585669FDBFFBE2F605368FE /* TensionOverlayView.swift in Sources */ = {isa = PBXBuildFile; fileRef = D58ECE77A8447643D76A109A /* TensionOverlayView.swift */; };
		4F231CF3537107B3CB4D3DD0 /* BreachMeterView.swift in Sources */ = {isa = PBXBuildFile; fileRef = 3D4741B0438E2FCB849DFA94 /* BreachMeterView.swift */; };
		9FE4059AB222BA9473DB1E5A /* DisruptionMeterView.swift in Sources */ = {isa = PBXBuildFile; fileRef = E019FA2EA82FFE3468E20751 /* DisruptionMeterView.swift */; };
		F18515BAA208DDDCCC0B4F79 /* MeterBarView.swift in Sources */ = {isa = PBXBuildFile; fileRef = 3544A4C03C0F3C9037893E32 /* MeterBarView.swift */; };
		F30E7759F2AE5CCBAD042360 /* AccessLockdownEngine.swift in Sources */ = {isa = PBXBuildFile; fileRef = 66097A0178500A304CC8BA30 /* AccessLockdownEngine.swift */; };
		E48D2B83AE9834699A8F75E4 /* AccessLockdownView.swift in Sources */ = {isa = PBXBuildFile; fileRef = C1535BF2DFCB53497E9FF966 /* AccessLockdownView.swift */; };
		D83DBBE422CA585FE4929A6C /* BreachMeterRow.swift in Sources */ = {isa = PBXBuildFile; fileRef = 45D28B4A04CF967794279DAD /* BreachMeterRow.swift */; };
		43D13AF2ACF0420DEB1BEF1C /* BreachModels.swift in Sources */ = {isa = PBXBuildFile; fileRef = F5E17E197C1EE922DF090973 /* BreachModels.swift */; };
		390A66B591410C741B251D71 /* BreachResultsView.swift in Sources */ = {isa = PBXBuildFile; fileRef = 43C82BE03D094D7821995CAA /* BreachResultsView.swift */; };
		6ED2E6B4A4E1D4715EB1B96D /* BreachStartView.swift in Sources */ = {isa = PBXBuildFile; fileRef = 3937AEA372053A65D3D9E385 /* BreachStartView.swift */; };
		A6A22569DE1161A3C4C1A0FE /* FirewallCircuitEngine.swift in Sources */ = {isa = PBXBuildFile; fileRef = 87F328FC8DA09205BFF59794 /* FirewallCircuitEngine.swift */; };
		98AAE6ADA32496E0C1514D90 /* FirewallCircuitView.swift in Sources */ = {isa = PBXBuildFile; fileRef = C326C4F031419D21FE312530 /* FirewallCircuitView.swift */; };
		D35CD74A0D72BA30E9E6E692 /* MidnightBreachFlowView.swift in Sources */ = {isa = PBXBuildFile; fileRef = A49E3EC352BAF17DDBD5446B /* MidnightBreachFlowView.swift */; };
		7A46156D7FBDD79AD59EF9BD /* PacketInterceptEngine.swift in Sources */ = {isa = PBXBuildFile; fileRef = 43AE07EC0376D9C14D18B9C6 /* PacketInterceptEngine.swift */; };
		094699394A913295A8BF4F70 /* PacketInterceptView.swift in Sources */ = {isa = PBXBuildFile; fileRef = 93374FA79DC08864943496CB /* PacketInterceptView.swift */; };
		9F2D3A119517C89F27CD925F /* SystemMapEngine.swift in Sources */ = {isa = PBXBuildFile; fileRef = 6FADC67F396E9B6A9B422E44 /* SystemMapEngine.swift */; };
		C7EEA035615A91F0CE91DBC1 /* SystemMapView.swift in Sources */ = {isa = PBXBuildFile; fileRef = A018637D5567F4739A6F02AD /* SystemMapView.swift */; };
		6019280E6B7EA5866CF46ABC /* NarrativeContent.swift in Sources */ = {isa = PBXBuildFile; fileRef = C37777611501FA20CDA9BA13 /* NarrativeContent.swift */; };
		6EBABD5391E2CCDFD858B433 /* PatientPortraitView.swift in Sources */ = {isa = PBXBuildFile; fileRef = BD631E0B88EBB80C95B5C467 /* PatientPortraitView.swift */; };
		E6005E5BEE26555B1BDFD5CB /* GameProgressStore.swift in Sources */ = {isa = PBXBuildFile; fileRef = 573FA238B7C863A5EBAE9E0C /* GameProgressStore.swift */; };
		B25928A437EC01A888F74F97 /* PhishingAtMidnightApp.swift in Sources */ = {isa = PBXBuildFile; fileRef = 81026A9E5A675127FBE96ECE /* PhishingAtMidnightApp.swift */; };
		56F6372BB17568E21B6A0E4B /* ResultsView.swift in Sources */ = {isa = PBXBuildFile; fileRef = 6B0D1A31F39310DE9C706750 /* ResultsView.swift */; };
		770C90453B3EA7C2EDA42252 /* HapticsAudioService.swift in Sources */ = {isa = PBXBuildFile; fileRef = 501D1E914E295F9F06A48247 /* HapticsAudioService.swift */; };
		47E0EB0116370F6F1BBCABC5 /* StartView.swift in Sources */ = {isa = PBXBuildFile; fileRef = 5AFB204A453BFEED23305690 /* StartView.swift */; };
		BD222B7BF4AF8728822C8576 /* EmailInspectorView.swift in Sources */ = {isa = PBXBuildFile; fileRef = EE6BA9226C1D05D7A5B1AA0A /* EmailInspectorView.swift */; };
		8B81FBB269BA8F5030E63E3A /* TriageEngine.swift in Sources */ = {isa = PBXBuildFile; fileRef = 694E2ABCDF10DED7C21468BA /* TriageEngine.swift */; };
		CFB9D6DE3C9D3B032630B069 /* TriageView.swift in Sources */ = {isa = PBXBuildFile; fileRef = 3784DEE01ADE173FD1ACD26C /* TriageView.swift */; };
		F187406259D3F9E7648E0928 /* CinematicBackgroundView.swift in Sources */ = {isa = PBXBuildFile; fileRef = B30947AC9FB534DEE914A3F6 /* CinematicBackgroundView.swift */; };
		BCDEA934D2501353B4C4CE9F /* Assets.xcassets in Resources */ = {isa = PBXBuildFile; fileRef = CFDBAC21689581B04CB7ABB5 /* Assets.xcassets */; };
		A967D30CAEF972C0B1D3D0A3 /* specimens.json in Resources */ = {isa = PBXBuildFile; fileRef = 3DCDC87185698C6AF3DDEE31 /* specimens.json */; };
/* End PBXBuildFile section */

/* Begin PBXFileReference section */
		E16D97483743F75E92295108 /* PhishingAtMidnight.app */ = {isa = PBXFileReference; explicitFileType = wrapper.application; includeInIndex = 0; path = PhishingAtMidnight.app; sourceTree = BUILT_PRODUCTS_DIR; };
		CFDBAC21689581B04CB7ABB5 /* Assets.xcassets */ = {isa = PBXFileReference; lastKnownFileType = folder.assetcatalog; path = "Assets.xcassets"; sourceTree = "<group>"; };
		C2D124978CC1E2FE8390ED69 /* BriefingView.swift */ = {isa = PBXFileReference; lastKnownFileType = sourcecode.swift; path = "BriefingView.swift"; sourceTree = "<group>"; };
		2FB04A10B703DB58A907307F /* GameConfig.swift */ = {isa = PBXFileReference; lastKnownFileType = sourcecode.swift; path = "GameConfig.swift"; sourceTree = "<group>"; };
		93BB666E338512D9C03B0F86 /* PreviewData.swift */ = {isa = PBXFileReference; lastKnownFileType = sourcecode.swift; path = "PreviewData.swift"; sourceTree = "<group>"; };
		56F5DEB591464F9ADCEFFC5C /* Specimen.swift */ = {isa = PBXFileReference; lastKnownFileType = sourcecode.swift; path = "Specimen.swift"; sourceTree = "<group>"; };
		AE3D8D716D3D36DF43D39747 /* SpecimenLoader.swift */ = {isa = PBXFileReference; lastKnownFileType = sourcecode.swift; path = "SpecimenLoader.swift"; sourceTree = "<group>"; };
		B7A5CFACCB9CEADEFD93E04C /* GameFlowView.swift */ = {isa = PBXFileReference; lastKnownFileType = sourcecode.swift; path = "GameFlowView.swift"; sourceTree = "<group>"; };
		662BF82921DCDA90A688A4F4 /* ComboBadgeView.swift */ = {isa = PBXFileReference; lastKnownFileType = sourcecode.swift; path = "ComboBadgeView.swift"; sourceTree = "<group>"; };
		1DF0CB0818402C9B5FBD4F97 /* CountUpNumber.swift */ = {isa = PBXFileReference; lastKnownFileType = sourcecode.swift; path = "CountUpNumber.swift"; sourceTree = "<group>"; };
		C3CBA31BB207F642C2767B73 /* FlyingScorePopupView.swift */ = {isa = PBXFileReference; lastKnownFileType = sourcecode.swift; path = "FlyingScorePopupView.swift"; sourceTree = "<group>"; };
		7D1735681DFCE9F213777BFD /* ParticleBurstView.swift */ = {isa = PBXFileReference; lastKnownFileType = sourcecode.swift; path = "ParticleBurstView.swift"; sourceTree = "<group>"; };
		5DE4F81784AB8368B2F01558 /* ShakeEffect.swift */ = {isa = PBXFileReference; lastKnownFileType = sourcecode.swift; path = "ShakeEffect.swift"; sourceTree = "<group>"; };
		525C629614B7FEB8807A70EC /* StampView.swift */ = {isa = PBXFileReference; lastKnownFileType = sourcecode.swift; path = "StampView.swift"; sourceTree = "<group>"; };
		D58ECE77A8447643D76A109A /* TensionOverlayView.swift */ = {isa = PBXFileReference; lastKnownFileType = sourcecode.swift; path = "TensionOverlayView.swift"; sourceTree = "<group>"; };
		3D4741B0438E2FCB849DFA94 /* BreachMeterView.swift */ = {isa = PBXFileReference; lastKnownFileType = sourcecode.swift; path = "BreachMeterView.swift"; sourceTree = "<group>"; };
		E019FA2EA82FFE3468E20751 /* DisruptionMeterView.swift */ = {isa = PBXFileReference; lastKnownFileType = sourcecode.swift; path = "DisruptionMeterView.swift"; sourceTree = "<group>"; };
		3544A4C03C0F3C9037893E32 /* MeterBarView.swift */ = {isa = PBXFileReference; lastKnownFileType = sourcecode.swift; path = "MeterBarView.swift"; sourceTree = "<group>"; };
		66097A0178500A304CC8BA30 /* AccessLockdownEngine.swift */ = {isa = PBXFileReference; lastKnownFileType = sourcecode.swift; path = "AccessLockdownEngine.swift"; sourceTree = "<group>"; };
		C1535BF2DFCB53497E9FF966 /* AccessLockdownView.swift */ = {isa = PBXFileReference; lastKnownFileType = sourcecode.swift; path = "AccessLockdownView.swift"; sourceTree = "<group>"; };
		45D28B4A04CF967794279DAD /* BreachMeterRow.swift */ = {isa = PBXFileReference; lastKnownFileType = sourcecode.swift; path = "BreachMeterRow.swift"; sourceTree = "<group>"; };
		F5E17E197C1EE922DF090973 /* BreachModels.swift */ = {isa = PBXFileReference; lastKnownFileType = sourcecode.swift; path = "BreachModels.swift"; sourceTree = "<group>"; };
		43C82BE03D094D7821995CAA /* BreachResultsView.swift */ = {isa = PBXFileReference; lastKnownFileType = sourcecode.swift; path = "BreachResultsView.swift"; sourceTree = "<group>"; };
		3937AEA372053A65D3D9E385 /* BreachStartView.swift */ = {isa = PBXFileReference; lastKnownFileType = sourcecode.swift; path = "BreachStartView.swift"; sourceTree = "<group>"; };
		87F328FC8DA09205BFF59794 /* FirewallCircuitEngine.swift */ = {isa = PBXFileReference; lastKnownFileType = sourcecode.swift; path = "FirewallCircuitEngine.swift"; sourceTree = "<group>"; };
		C326C4F031419D21FE312530 /* FirewallCircuitView.swift */ = {isa = PBXFileReference; lastKnownFileType = sourcecode.swift; path = "FirewallCircuitView.swift"; sourceTree = "<group>"; };
		A49E3EC352BAF17DDBD5446B /* MidnightBreachFlowView.swift */ = {isa = PBXFileReference; lastKnownFileType = sourcecode.swift; path = "MidnightBreachFlowView.swift"; sourceTree = "<group>"; };
		43AE07EC0376D9C14D18B9C6 /* PacketInterceptEngine.swift */ = {isa = PBXFileReference; lastKnownFileType = sourcecode.swift; path = "PacketInterceptEngine.swift"; sourceTree = "<group>"; };
		93374FA79DC08864943496CB /* PacketInterceptView.swift */ = {isa = PBXFileReference; lastKnownFileType = sourcecode.swift; path = "PacketInterceptView.swift"; sourceTree = "<group>"; };
		6FADC67F396E9B6A9B422E44 /* SystemMapEngine.swift */ = {isa = PBXFileReference; lastKnownFileType = sourcecode.swift; path = "SystemMapEngine.swift"; sourceTree = "<group>"; };
		A018637D5567F4739A6F02AD /* SystemMapView.swift */ = {isa = PBXFileReference; lastKnownFileType = sourcecode.swift; path = "SystemMapView.swift"; sourceTree = "<group>"; };
		C37777611501FA20CDA9BA13 /* NarrativeContent.swift */ = {isa = PBXFileReference; lastKnownFileType = sourcecode.swift; path = "NarrativeContent.swift"; sourceTree = "<group>"; };
		BD631E0B88EBB80C95B5C467 /* PatientPortraitView.swift */ = {isa = PBXFileReference; lastKnownFileType = sourcecode.swift; path = "PatientPortraitView.swift"; sourceTree = "<group>"; };
		573FA238B7C863A5EBAE9E0C /* GameProgressStore.swift */ = {isa = PBXFileReference; lastKnownFileType = sourcecode.swift; path = "GameProgressStore.swift"; sourceTree = "<group>"; };
		81026A9E5A675127FBE96ECE /* PhishingAtMidnightApp.swift */ = {isa = PBXFileReference; lastKnownFileType = sourcecode.swift; path = "PhishingAtMidnightApp.swift"; sourceTree = "<group>"; };
		3DCDC87185698C6AF3DDEE31 /* specimens.json */ = {isa = PBXFileReference; lastKnownFileType = text.json; path = "specimens.json"; sourceTree = "<group>"; };
		6B0D1A31F39310DE9C706750 /* ResultsView.swift */ = {isa = PBXFileReference; lastKnownFileType = sourcecode.swift; path = "ResultsView.swift"; sourceTree = "<group>"; };
		501D1E914E295F9F06A48247 /* HapticsAudioService.swift */ = {isa = PBXFileReference; lastKnownFileType = sourcecode.swift; path = "HapticsAudioService.swift"; sourceTree = "<group>"; };
		5AFB204A453BFEED23305690 /* StartView.swift */ = {isa = PBXFileReference; lastKnownFileType = sourcecode.swift; path = "StartView.swift"; sourceTree = "<group>"; };
		EE6BA9226C1D05D7A5B1AA0A /* EmailInspectorView.swift */ = {isa = PBXFileReference; lastKnownFileType = sourcecode.swift; path = "EmailInspectorView.swift"; sourceTree = "<group>"; };
		694E2ABCDF10DED7C21468BA /* TriageEngine.swift */ = {isa = PBXFileReference; lastKnownFileType = sourcecode.swift; path = "TriageEngine.swift"; sourceTree = "<group>"; };
		3784DEE01ADE173FD1ACD26C /* TriageView.swift */ = {isa = PBXFileReference; lastKnownFileType = sourcecode.swift; path = "TriageView.swift"; sourceTree = "<group>"; };
		B30947AC9FB534DEE914A3F6 /* CinematicBackgroundView.swift */ = {isa = PBXFileReference; lastKnownFileType = sourcecode.swift; path = "CinematicBackgroundView.swift"; sourceTree = "<group>"; };
/* End PBXFileReference section */

/* Begin PBXFrameworksBuildPhase section */
		69680EDE0CF9B24DB8DBFE04 /* Frameworks */ = {
			isa = PBXFrameworksBuildPhase;
			buildActionMask = 2147483647;
			files = (
			);
			runOnlyForDeploymentPostprocessing = 0;
		};
/* End PBXFrameworksBuildPhase section */

/* Begin PBXGroup section */
		23D3AE5D7562C1E6402687AC /* Briefing */ = {
			isa = PBXGroup;
			children = (
				C2D124978CC1E2FE8390ED69 /* BriefingView.swift */,
			);
			path = "Briefing";
			sourceTree = "<group>";
		};
		5619E268CFFE28118C19FC6A /* Config */ = {
			isa = PBXGroup;
			children = (
				2FB04A10B703DB58A907307F /* GameConfig.swift */,
			);
			path = "Config";
			sourceTree = "<group>";
		};
		7CA548B1171C9820DE76F119 /* Content */ = {
			isa = PBXGroup;
			children = (
				93BB666E338512D9C03B0F86 /* PreviewData.swift */,
				56F5DEB591464F9ADCEFFC5C /* Specimen.swift */,
				AE3D8D716D3D36DF43D39747 /* SpecimenLoader.swift */,
			);
			path = "Content";
			sourceTree = "<group>";
		};
		5D4F49480EB7D61952A56F96 /* Juice */ = {
			isa = PBXGroup;
			children = (
				662BF82921DCDA90A688A4F4 /* ComboBadgeView.swift */,
				1DF0CB0818402C9B5FBD4F97 /* CountUpNumber.swift */,
				C3CBA31BB207F642C2767B73 /* FlyingScorePopupView.swift */,
				7D1735681DFCE9F213777BFD /* ParticleBurstView.swift */,
				5DE4F81784AB8368B2F01558 /* ShakeEffect.swift */,
				525C629614B7FEB8807A70EC /* StampView.swift */,
				D58ECE77A8447643D76A109A /* TensionOverlayView.swift */,
			);
			path = "Juice";
			sourceTree = "<group>";
		};
		0663F5E7D9DB000022EE2CC6 /* Meters */ = {
			isa = PBXGroup;
			children = (
				3D4741B0438E2FCB849DFA94 /* BreachMeterView.swift */,
				E019FA2EA82FFE3468E20751 /* DisruptionMeterView.swift */,
				3544A4C03C0F3C9037893E32 /* MeterBarView.swift */,
			);
			path = "Meters";
			sourceTree = "<group>";
		};
		BDCE52200E351B1878632BAE /* MidnightBreach */ = {
			isa = PBXGroup;
			children = (
				66097A0178500A304CC8BA30 /* AccessLockdownEngine.swift */,
				C1535BF2DFCB53497E9FF966 /* AccessLockdownView.swift */,
				45D28B4A04CF967794279DAD /* BreachMeterRow.swift */,
				F5E17E197C1EE922DF090973 /* BreachModels.swift */,
				43C82BE03D094D7821995CAA /* BreachResultsView.swift */,
				3937AEA372053A65D3D9E385 /* BreachStartView.swift */,
				87F328FC8DA09205BFF59794 /* FirewallCircuitEngine.swift */,
				C326C4F031419D21FE312530 /* FirewallCircuitView.swift */,
				A49E3EC352BAF17DDBD5446B /* MidnightBreachFlowView.swift */,
				43AE07EC0376D9C14D18B9C6 /* PacketInterceptEngine.swift */,
				93374FA79DC08864943496CB /* PacketInterceptView.swift */,
				6FADC67F396E9B6A9B422E44 /* SystemMapEngine.swift */,
				A018637D5567F4739A6F02AD /* SystemMapView.swift */,
			);
			path = "MidnightBreach";
			sourceTree = "<group>";
		};
		19F8969A7DE4621BD98DB9E0 /* Narrative */ = {
			isa = PBXGroup;
			children = (
				C37777611501FA20CDA9BA13 /* NarrativeContent.swift */,
				BD631E0B88EBB80C95B5C467 /* PatientPortraitView.swift */,
			);
			path = "Narrative";
			sourceTree = "<group>";
		};
		58E9ADE652AF179ADC513A41 /* Persistence */ = {
			isa = PBXGroup;
			children = (
				573FA238B7C863A5EBAE9E0C /* GameProgressStore.swift */,
			);
			path = "Persistence";
			sourceTree = "<group>";
		};
		A024F06580C79B7582C3806A /* Resources */ = {
			isa = PBXGroup;
			children = (
				3DCDC87185698C6AF3DDEE31 /* specimens.json */,
			);
			path = "Resources";
			sourceTree = "<group>";
		};
		06D5F68EA1407406E8273B90 /* Results */ = {
			isa = PBXGroup;
			children = (
				6B0D1A31F39310DE9C706750 /* ResultsView.swift */,
			);
			path = "Results";
			sourceTree = "<group>";
		};
		6EE67047A4B2648DDBB08231 /* Services */ = {
			isa = PBXGroup;
			children = (
				501D1E914E295F9F06A48247 /* HapticsAudioService.swift */,
			);
			path = "Services";
			sourceTree = "<group>";
		};
		ABDA46DDEEB24F8B4F0C0772 /* Triage */ = {
			isa = PBXGroup;
			children = (
				EE6BA9226C1D05D7A5B1AA0A /* EmailInspectorView.swift */,
				694E2ABCDF10DED7C21468BA /* TriageEngine.swift */,
				3784DEE01ADE173FD1ACD26C /* TriageView.swift */,
			);
			path = "Triage";
			sourceTree = "<group>";
		};
		1D784972683DC02D23CE11BD /* Visuals */ = {
			isa = PBXGroup;
			children = (
				B30947AC9FB534DEE914A3F6 /* CinematicBackgroundView.swift */,
			);
			path = "Visuals";
			sourceTree = "<group>";
		};
		0D0822E5013C563F2C1F2528 /* PhishingAtMidnight */ = {
			isa = PBXGroup;
			children = (
				CFDBAC21689581B04CB7ABB5 /* Assets.xcassets */,
				23D3AE5D7562C1E6402687AC /* Briefing */,
				5619E268CFFE28118C19FC6A /* Config */,
				7CA548B1171C9820DE76F119 /* Content */,
				B7A5CFACCB9CEADEFD93E04C /* GameFlowView.swift */,
				5D4F49480EB7D61952A56F96 /* Juice */,
				0663F5E7D9DB000022EE2CC6 /* Meters */,
				BDCE52200E351B1878632BAE /* MidnightBreach */,
				19F8969A7DE4621BD98DB9E0 /* Narrative */,
				58E9ADE652AF179ADC513A41 /* Persistence */,
				81026A9E5A675127FBE96ECE /* PhishingAtMidnightApp.swift */,
				A024F06580C79B7582C3806A /* Resources */,
				06D5F68EA1407406E8273B90 /* Results */,
				6EE67047A4B2648DDBB08231 /* Services */,
				5AFB204A453BFEED23305690 /* StartView.swift */,
				ABDA46DDEEB24F8B4F0C0772 /* Triage */,
				1D784972683DC02D23CE11BD /* Visuals */,
			);
			path = "PhishingAtMidnight";
			sourceTree = "<group>";
		};
		615B463D1028E4E24B674CF7 /* Products */ = {
			isa = PBXGroup;
			children = (
				E16D97483743F75E92295108 /* PhishingAtMidnight.app */,
			);
			name = Products;
			sourceTree = "<group>";
		};
		870B3294C0CBD48AF6BBCC1B = {
			isa = PBXGroup;
			children = (
				0D0822E5013C563F2C1F2528 /* PhishingAtMidnight */,
				615B463D1028E4E24B674CF7 /* Products */,
			);
			sourceTree = "<group>";
		};
/* End PBXGroup section */

/* Begin PBXNativeTarget section */
		0E8A3AD980EC179856012B7E /* PhishingAtMidnight */ = {
			isa = PBXNativeTarget;
			buildConfigurationList = 7DE97F2CECB2601227982F09 /* Build configuration list for PBXNativeTarget "PhishingAtMidnight" */;
			buildPhases = (
				F612CD2E22E187AC48B5913C /* Sources */,
				69680EDE0CF9B24DB8DBFE04 /* Frameworks */,
				86F6FE2DD6E869C1842A14B3 /* Resources */,
			);
			buildRules = (
			);
			dependencies = (
			);
			name = PhishingAtMidnight;
			productName = PhishingAtMidnight;
			productReference = E16D97483743F75E92295108 /* PhishingAtMidnight.app */;
			productType = "com.apple.product-type.application";
		};
/* End PBXNativeTarget section */

/* Begin PBXProject section */
		98F54143AB4E86B28C3AFEE0 /* Project object */ = {
			isa = PBXProject;
			attributes = {
				BuildIndependentTargetsInParallel = 1;
				LastSwiftUpdateCheck = 1500;
				LastUpgradeCheck = 1500;
				TargetAttributes = {
					0E8A3AD980EC179856012B7E = {
						CreatedOnToolsVersion = 15.0;
					};
				};
			};
			buildConfigurationList = 6650A2B5E24FA7522CE6B81C /* Build configuration list for PBXProject "PhishingAtMidnight" */;
			compatibilityVersion = "Xcode 14.0";
			developmentRegion = en;
			hasScannedForEncodings = 0;
			knownRegions = (
				en,
				Base,
			);
			mainGroup = 870B3294C0CBD48AF6BBCC1B;
			productRefGroup = 615B463D1028E4E24B674CF7 /* Products */;
			projectDirPath = "";
			projectRoot = "";
			targets = (
				0E8A3AD980EC179856012B7E /* PhishingAtMidnight */,
			);
		};
/* End PBXProject section */

/* Begin PBXResourcesBuildPhase section */
		86F6FE2DD6E869C1842A14B3 /* Resources */ = {
			isa = PBXResourcesBuildPhase;
			buildActionMask = 2147483647;
			files = (
				BCDEA934D2501353B4C4CE9F /* Assets.xcassets in Resources */,
				A967D30CAEF972C0B1D3D0A3 /* specimens.json in Resources */,
			);
			runOnlyForDeploymentPostprocessing = 0;
		};
/* End PBXResourcesBuildPhase section */

/* Begin PBXSourcesBuildPhase section */
		F612CD2E22E187AC48B5913C /* Sources */ = {
			isa = PBXSourcesBuildPhase;
			buildActionMask = 2147483647;
			files = (
				3D2C53E1A387837041EF26EC /* BriefingView.swift in Sources */,
				FE1BAFE972ABBA8DA88C7050 /* GameConfig.swift in Sources */,
				9F9701A1DF153C843482B478 /* PreviewData.swift in Sources */,
				BD5064D54E9907252264E20E /* Specimen.swift in Sources */,
				E2E0DC372A6805D849FE23FB /* SpecimenLoader.swift in Sources */,
				FD0B9A951ABCA11CAFD91CE3 /* GameFlowView.swift in Sources */,
				04462D4252409341589B6C18 /* ComboBadgeView.swift in Sources */,
				27C710B20E617038B87C88DB /* CountUpNumber.swift in Sources */,
				5D0830D2373B0E0E17B4B8C4 /* FlyingScorePopupView.swift in Sources */,
				2B853802F1AE1A7517DB284C /* ParticleBurstView.swift in Sources */,
				46DF70662F337A9D08BF11F1 /* ShakeEffect.swift in Sources */,
				19729390D487FC417F252AB1 /* StampView.swift in Sources */,
				4585669FDBFFBE2F605368FE /* TensionOverlayView.swift in Sources */,
				4F231CF3537107B3CB4D3DD0 /* BreachMeterView.swift in Sources */,
				9FE4059AB222BA9473DB1E5A /* DisruptionMeterView.swift in Sources */,
				F18515BAA208DDDCCC0B4F79 /* MeterBarView.swift in Sources */,
				F30E7759F2AE5CCBAD042360 /* AccessLockdownEngine.swift in Sources */,
				E48D2B83AE9834699A8F75E4 /* AccessLockdownView.swift in Sources */,
				D83DBBE422CA585FE4929A6C /* BreachMeterRow.swift in Sources */,
				43D13AF2ACF0420DEB1BEF1C /* BreachModels.swift in Sources */,
				390A66B591410C741B251D71 /* BreachResultsView.swift in Sources */,
				6ED2E6B4A4E1D4715EB1B96D /* BreachStartView.swift in Sources */,
				A6A22569DE1161A3C4C1A0FE /* FirewallCircuitEngine.swift in Sources */,
				98AAE6ADA32496E0C1514D90 /* FirewallCircuitView.swift in Sources */,
				D35CD74A0D72BA30E9E6E692 /* MidnightBreachFlowView.swift in Sources */,
				7A46156D7FBDD79AD59EF9BD /* PacketInterceptEngine.swift in Sources */,
				094699394A913295A8BF4F70 /* PacketInterceptView.swift in Sources */,
				9F2D3A119517C89F27CD925F /* SystemMapEngine.swift in Sources */,
				C7EEA035615A91F0CE91DBC1 /* SystemMapView.swift in Sources */,
				6019280E6B7EA5866CF46ABC /* NarrativeContent.swift in Sources */,
				6EBABD5391E2CCDFD858B433 /* PatientPortraitView.swift in Sources */,
				E6005E5BEE26555B1BDFD5CB /* GameProgressStore.swift in Sources */,
				B25928A437EC01A888F74F97 /* PhishingAtMidnightApp.swift in Sources */,
				56F6372BB17568E21B6A0E4B /* ResultsView.swift in Sources */,
				770C90453B3EA7C2EDA42252 /* HapticsAudioService.swift in Sources */,
				47E0EB0116370F6F1BBCABC5 /* StartView.swift in Sources */,
				BD222B7BF4AF8728822C8576 /* EmailInspectorView.swift in Sources */,
				8B81FBB269BA8F5030E63E3A /* TriageEngine.swift in Sources */,
				CFB9D6DE3C9D3B032630B069 /* TriageView.swift in Sources */,
				F187406259D3F9E7648E0928 /* CinematicBackgroundView.swift in Sources */,
			);
			runOnlyForDeploymentPostprocessing = 0;
		};
/* End PBXSourcesBuildPhase section */

/* Begin XCBuildConfiguration section */
		ABB980C1A972F5D344CC9875 /* Debug */ = {
			isa = XCBuildConfiguration;
			buildSettings = {
			ALWAYS_SEARCH_USER_PATHS = NO;
			ASSETCATALOG_COMPILER_GENERATE_SWIFT_ASSET_SYMBOL_EXTENSIONS = YES;
			CLANG_ANALYZER_NONNULL = YES;
			CLANG_ANALYZER_NUMBER_OBJECT_CONVERSION = YES_AGGRESSIVE;
			CLANG_CXX_LANGUAGE_STANDARD = "gnu++20";
			CLANG_ENABLE_MODULES = YES;
			CLANG_ENABLE_OBJC_ARC = YES;
			CLANG_ENABLE_OBJC_WEAK = YES;
			CLANG_WARN_BLOCK_CAPTURE_AUTORELEASING = YES;
			CLANG_WARN_BOOL_CONVERSION = YES;
			CLANG_WARN_COMMA = YES;
			CLANG_WARN_CONSTANT_CONVERSION = YES;
			CLANG_WARN_DEPRECATED_OBJC_IMPLEMENTATIONS = YES;
			CLANG_WARN_DIRECT_OBJC_ISA_USAGE = YES_ERROR;
			CLANG_WARN_DOCUMENTATION_COMMENTS = YES;
			CLANG_WARN_EMPTY_BODY = YES;
			CLANG_WARN_ENUM_CONVERSION = YES;
			CLANG_WARN_INFINITE_RECURSION = YES;
			CLANG_WARN_INT_CONVERSION = YES;
			CLANG_WARN_NON_LITERAL_NULL_CONVERSION = YES;
			CLANG_WARN_OBJC_IMPLICIT_RETAIN_SELF = YES;
			CLANG_WARN_OBJC_LITERAL_CONVERSION = YES;
			CLANG_WARN_OBJC_ROOT_CLASS = YES_ERROR;
			CLANG_WARN_QUOTED_INCLUDE_IN_FRAMEWORK_HEADER = YES;
			CLANG_WARN_RANGE_LOOP_ANALYSIS = YES;
			CLANG_WARN_STRICT_PROTOTYPES = YES;
			CLANG_WARN_SUSPICIOUS_MOVE = YES;
			CLANG_WARN_UNGUARDED_AVAILABILITY = YES_AGGRESSIVE;
			CLANG_WARN_UNREACHABLE_CODE = YES;
			CLANG_WARN__DUPLICATE_METHOD_MATCH = YES;
			COPY_PHASE_STRIP = NO;
			ENABLE_STRICT_OBJC_MSGSEND = YES;
			GCC_C_LANGUAGE_STANDARD = gnu17;
			GCC_NO_COMMON_BLOCKS = YES;
			GCC_WARN_64_TO_32_BIT_CONVERSION = YES;
			GCC_WARN_ABOUT_RETURN_TYPE = YES_ERROR;
			GCC_WARN_UNDECLARED_SELECTOR = YES;
			GCC_WARN_UNINITIALIZED_AUTOS = YES_AGGRESSIVE;
			GCC_WARN_UNUSED_FUNCTION = YES;
			GCC_WARN_UNUSED_VARIABLE = YES;
			IPHONEOS_DEPLOYMENT_TARGET = 17.0;
			MTL_FAST_MATH = YES;
			SDKROOT = iphoneos;
			SWIFT_VERSION = 5.0;
				DEBUG_INFORMATION_FORMAT = dwarf;
				ENABLE_TESTABILITY = YES;
				GCC_OPTIMIZATION_LEVEL = 0;
				GCC_PREPROCESSOR_DEFINITIONS = (
					"DEBUG=1",
					"$(inherited)",
				);
				MTL_ENABLE_DEBUG_INFO = INCLUDE_SOURCE;
				ONLY_ACTIVE_ARCH = YES;
				SWIFT_ACTIVE_COMPILATION_CONDITIONS = DEBUG;
				SWIFT_OPTIMIZATION_LEVEL = "-Onone";
			};
			name = Debug;
		};
		13D515CA13E28B4F601344C5 /* Release */ = {
			isa = XCBuildConfiguration;
			buildSettings = {
			ALWAYS_SEARCH_USER_PATHS = NO;
			ASSETCATALOG_COMPILER_GENERATE_SWIFT_ASSET_SYMBOL_EXTENSIONS = YES;
			CLANG_ANALYZER_NONNULL = YES;
			CLANG_ANALYZER_NUMBER_OBJECT_CONVERSION = YES_AGGRESSIVE;
			CLANG_CXX_LANGUAGE_STANDARD = "gnu++20";
			CLANG_ENABLE_MODULES = YES;
			CLANG_ENABLE_OBJC_ARC = YES;
			CLANG_ENABLE_OBJC_WEAK = YES;
			CLANG_WARN_BLOCK_CAPTURE_AUTORELEASING = YES;
			CLANG_WARN_BOOL_CONVERSION = YES;
			CLANG_WARN_COMMA = YES;
			CLANG_WARN_CONSTANT_CONVERSION = YES;
			CLANG_WARN_DEPRECATED_OBJC_IMPLEMENTATIONS = YES;
			CLANG_WARN_DIRECT_OBJC_ISA_USAGE = YES_ERROR;
			CLANG_WARN_DOCUMENTATION_COMMENTS = YES;
			CLANG_WARN_EMPTY_BODY = YES;
			CLANG_WARN_ENUM_CONVERSION = YES;
			CLANG_WARN_INFINITE_RECURSION = YES;
			CLANG_WARN_INT_CONVERSION = YES;
			CLANG_WARN_NON_LITERAL_NULL_CONVERSION = YES;
			CLANG_WARN_OBJC_IMPLICIT_RETAIN_SELF = YES;
			CLANG_WARN_OBJC_LITERAL_CONVERSION = YES;
			CLANG_WARN_OBJC_ROOT_CLASS = YES_ERROR;
			CLANG_WARN_QUOTED_INCLUDE_IN_FRAMEWORK_HEADER = YES;
			CLANG_WARN_RANGE_LOOP_ANALYSIS = YES;
			CLANG_WARN_STRICT_PROTOTYPES = YES;
			CLANG_WARN_SUSPICIOUS_MOVE = YES;
			CLANG_WARN_UNGUARDED_AVAILABILITY = YES_AGGRESSIVE;
			CLANG_WARN_UNREACHABLE_CODE = YES;
			CLANG_WARN__DUPLICATE_METHOD_MATCH = YES;
			COPY_PHASE_STRIP = NO;
			ENABLE_STRICT_OBJC_MSGSEND = YES;
			GCC_C_LANGUAGE_STANDARD = gnu17;
			GCC_NO_COMMON_BLOCKS = YES;
			GCC_WARN_64_TO_32_BIT_CONVERSION = YES;
			GCC_WARN_ABOUT_RETURN_TYPE = YES_ERROR;
			GCC_WARN_UNDECLARED_SELECTOR = YES;
			GCC_WARN_UNINITIALIZED_AUTOS = YES_AGGRESSIVE;
			GCC_WARN_UNUSED_FUNCTION = YES;
			GCC_WARN_UNUSED_VARIABLE = YES;
			IPHONEOS_DEPLOYMENT_TARGET = 17.0;
			MTL_FAST_MATH = YES;
			SDKROOT = iphoneos;
			SWIFT_VERSION = 5.0;
				DEBUG_INFORMATION_FORMAT = "dwarf-with-dsym";
				ENABLE_NS_ASSERTIONS = NO;
				MTL_ENABLE_DEBUG_INFO = NO;
				SWIFT_COMPILATION_MODE = wholemodule;
				VALIDATE_PRODUCT = YES;
			};
			name = Release;
		};
		906912AFCB91D6AEA799ADA5 /* Debug */ = {
			isa = XCBuildConfiguration;
			buildSettings = {
			ASSETCATALOG_COMPILER_APPICON_NAME = AppIcon;
			ASSETCATALOG_COMPILER_GLOBAL_ACCENT_COLOR_NAME = AccentColor;
			CODE_SIGN_STYLE = Automatic;
			CURRENT_PROJECT_VERSION = 1;
			DEVELOPMENT_ASSET_PATHS = "";
			ENABLE_PREVIEWS = YES;
			GENERATE_INFOPLIST_FILE = YES;
			INFOPLIST_KEY_CFBundleDisplayName = "Phishing at Midnight";
			INFOPLIST_KEY_UIApplicationSceneManifest_Generation = YES;
			INFOPLIST_KEY_UIApplicationSupportsIndirectInputEvents = YES;
			INFOPLIST_KEY_UILaunchScreen_Generation = YES;
			INFOPLIST_KEY_UISupportedInterfaceOrientations = "UIInterfaceOrientationPortrait UIInterfaceOrientationLandscapeLeft UIInterfaceOrientationLandscapeRight";
			INFOPLIST_KEY_UISupportedInterfaceOrientations~ipad = "UIInterfaceOrientationPortrait UIInterfaceOrientationPortraitUpsideDown UIInterfaceOrientationLandscapeLeft UIInterfaceOrientationLandscapeRight";
			LD_RUNPATH_SEARCH_PATHS = (
				"$(inherited)",
				"@executable_path/Frameworks",
			);
			MARKETING_VERSION = 1.0;
			PRODUCT_BUNDLE_IDENTIFIER = com.become.phishingatmidnight;
			PRODUCT_NAME = "$(TARGET_NAME)";
			SWIFT_EMIT_LOC_STRINGS = YES;
			TARGETED_DEVICE_FAMILY = "1,2";
			};
			name = Debug;
		};
		AE82C569046512CA3B429D64 /* Release */ = {
			isa = XCBuildConfiguration;
			buildSettings = {
			ASSETCATALOG_COMPILER_APPICON_NAME = AppIcon;
			ASSETCATALOG_COMPILER_GLOBAL_ACCENT_COLOR_NAME = AccentColor;
			CODE_SIGN_STYLE = Automatic;
			CURRENT_PROJECT_VERSION = 1;
			DEVELOPMENT_ASSET_PATHS = "";
			ENABLE_PREVIEWS = YES;
			GENERATE_INFOPLIST_FILE = YES;
			INFOPLIST_KEY_CFBundleDisplayName = "Phishing at Midnight";
			INFOPLIST_KEY_UIApplicationSceneManifest_Generation = YES;
			INFOPLIST_KEY_UIApplicationSupportsIndirectInputEvents = YES;
			INFOPLIST_KEY_UILaunchScreen_Generation = YES;
			INFOPLIST_KEY_UISupportedInterfaceOrientations = "UIInterfaceOrientationPortrait UIInterfaceOrientationLandscapeLeft UIInterfaceOrientationLandscapeRight";
			INFOPLIST_KEY_UISupportedInterfaceOrientations~ipad = "UIInterfaceOrientationPortrait UIInterfaceOrientationPortraitUpsideDown UIInterfaceOrientationLandscapeLeft UIInterfaceOrientationLandscapeRight";
			LD_RUNPATH_SEARCH_PATHS = (
				"$(inherited)",
				"@executable_path/Frameworks",
			);
			MARKETING_VERSION = 1.0;
			PRODUCT_BUNDLE_IDENTIFIER = com.become.phishingatmidnight;
			PRODUCT_NAME = "$(TARGET_NAME)";
			SWIFT_EMIT_LOC_STRINGS = YES;
			TARGETED_DEVICE_FAMILY = "1,2";
			};
			name = Release;
		};
/* End XCBuildConfiguration section */

/* Begin XCConfigurationList section */
		6650A2B5E24FA7522CE6B81C /* Build configuration list for PBXProject "PhishingAtMidnight" */ = {
			isa = XCConfigurationList;
			buildConfigurations = (
				ABB980C1A972F5D344CC9875 /* Debug */,
				13D515CA13E28B4F601344C5 /* Release */,
			);
			defaultConfigurationIsVisible = 0;
			defaultConfigurationName = Release;
		};
		7DE97F2CECB2601227982F09 /* Build configuration list for PBXNativeTarget "PhishingAtMidnight" */ = {
			isa = XCConfigurationList;
			buildConfigurations = (
				906912AFCB91D6AEA799ADA5 /* Debug */,
				AE82C569046512CA3B429D64 /* Release */,
			);
			defaultConfigurationIsVisible = 0;
			defaultConfigurationName = Release;
		};
/* End XCConfigurationList section */
	};
	rootObject = 98F54143AB4E86B28C3AFEE0 /* Project object */;
}
